
Microsoft Visual Studio Solution File, Format Version 12.00
# Visual Studio Version 17
VisualStudioVersion = 17.0.32112.339
MinimumVisualStudioVersion = 10.0.40219.1
Project("{FAE04EC0-301F-11D3-BF4B-00C04F79EFBC}") = "SchuleTetris", "SchuleTetris\SchuleTetris.csproj", "{20DCED7A-B91F-4E0A-AA0F-6B5C78B9F97C}"
EndProject
Global
	GlobalSection(SolutionConfigurationPlatforms) = preSolution
		Debug|Any CPU = Debug|Any CPU
		Release|Any CPU = Release|Any CPU
	EndGlobalSection
	GlobalSection(ProjectConfigurationPlatforms) = postSolution
		{20DCED7A-B91F-4E0A-AA0F-6B5C78B9F97C}.Debug|Any CPU.ActiveCfg = Debug|Any CPU
		{20DCED7A-B91F-4E0A-AA0F-6B5C78B9F97C}.Debug|Any CPU.Build.0 = Debug|Any CPU
		{20DCED7A-B91F-4E0A-AA0F-6B5C78B9F97C}.Release|Any CPU.ActiveCfg = Release|Any CPU
		{20DCED7A-B91F-4E0A-AA0F-6B5C78B9F97C}.Release|Any CPU.Build.0 = Release|Any CPU
	EndGlobalSection
	GlobalSection(SolutionProperties) = preSolution
		HideSolutionNode = FALSE
	EndGlobalSection
	GlobalSection(ExtensibilityGlobals) = postSolution
		SolutionGuid = {90D9B871-0DB3-4842-9559-7763A70E1A2C}
	EndGlobalSection
EndGlobal
